{
  "name": "ts-nodejs",
  "version": "1.0.0",
  "lockfileVersion": 1,
  "requires": true,
  "dependencies": {
    "typescript-plus": {
      "version": "3.1.5",
      "resolved": "https://registry.npmjs.org/typescript-plus/-/typescript-plus-3.1.5.tgz",
      "integrity": "sha512-qVPzdQ3yz2NHQIZkygScQQDC4NGb2aG/eNffNa+D8CLKSUEYVnkMZyU+BREiDVEQU2vtT6QlAq/XDmQVK6ktgQ=="
    }
  }
}
